
Microsoft Visual Studio Solution File, Format Version 12.00
# Visual Studio 15
VisualStudioVersion = 15.0.28307.1259
MinimumVisualStudioVersion = 10.0.40219.1
Project("{FAE04EC0-301F-11D3-BF4B-00C04F79EFBC}") = "School Management System", "School Management System\School Management System.csproj", "{09ED2F04-B5DD-45AF-BE9A-01E91C501FA6}"
EndProject
Global
	GlobalSection(SolutionConfigurationPlatforms) = preSolution
		Debug|Any CPU = Debug|Any CPU
		Release|Any CPU = Release|Any CPU
	EndGlobalSection
	GlobalSection(ProjectConfigurationPlatforms) = postSolution
		{09ED2F04-B5DD-45AF-BE9A-01E91C501FA6}.Debug|Any CPU.ActiveCfg = Debug|Any CPU
		{09ED2F04-B5DD-45AF-BE9A-01E91C501FA6}.Debug|Any CPU.Build.0 = Debug|Any CPU
		{09ED2F04-B5DD-45AF-BE9A-01E91C501FA6}.Release|Any CPU.ActiveCfg = Release|Any CPU
		{09ED2F04-B5DD-45AF-BE9A-01E91C501FA6}.Release|Any CPU.Build.0 = Release|Any CPU
	EndGlobalSection
	GlobalSection(SolutionProperties) = preSolution
		HideSolutionNode = FALSE
	EndGlobalSection
	GlobalSection(ExtensibilityGlobals) = postSolution
		SolutionGuid = {9389A48B-4516-4F90-89A3-BA1520D25AA4}
	EndGlobalSection
EndGlobal
